
Microsoft Visual Studio Solution File, Format Version 12.00
# Visual Studio Version 16
VisualStudioVersion = 16.0.31321.278
MinimumVisualStudioVersion = 10.0.40219.1
Project("{FAE04EC0-301F-11D3-BF4B-00C04F79EFBC}") = "InventoryManagement", "InventoryManagement\InventoryManagement.csproj", "{EF724C71-8E77-4895-8984-2C6F2BBC155E}"
EndProject
Global
	GlobalSection(SolutionConfigurationPlatforms) = preSolution
		Debug|Any CPU = Debug|Any CPU
		Release|Any CPU = Release|Any CPU
	EndGlobalSection
	GlobalSection(ProjectConfigurationPlatforms) = postSolution
		{EF724C71-8E77-4895-8984-2C6F2BBC155E}.Debug|Any CPU.ActiveCfg = Debug|Any CPU
		{EF724C71-8E77-4895-8984-2C6F2BBC155E}.Debug|Any CPU.Build.0 = Debug|Any CPU
		{EF724C71-8E77-4895-8984-2C6F2BBC155E}.Release|Any CPU.ActiveCfg = Release|Any CPU
		{EF724C71-8E77-4895-8984-2C6F2BBC155E}.Release|Any CPU.Build.0 = Release|Any CPU
	EndGlobalSection
	GlobalSection(SolutionProperties) = preSolution
		HideSolutionNode = FALSE
	EndGlobalSection
	GlobalSection(ExtensibilityGlobals) = postSolution
		SolutionGuid = {EA12A83C-BDD2-4E84-8F38-09D1E7D69EDD}
	EndGlobalSection
EndGlobal
